local GNUI = require("GNUI.main")
local Elements = require("GNUI.modules.elements")
local screen = GNUI.getScreenCanvas()
local Theme = require("GNUI.modules.themes")

local sidebar = GNUI.newContainer()
Theme.applyTheme(sidebar,"background")
sidebar:setAnchor(1,0,1,1):setDimensions(-128,0,0,0)
screen:addChild(sidebar)

local outliner = Elements.newStack()
outliner:setAnchor(0,0,1,1):setDimensions(0,0,-8,0)
sidebar:addChild(outliner)

local scroll = Elements.newScrollbarButton()
scroll:setAnchor(1,0,1,1)
scroll:setRange(0,10)
sidebar:addChild(scroll)

scroll.ON_SCROLL:register(function (value)
  outliner:setChildrenShift(0,value)
end)

outliner:addChild(Elements.newTextButton():setText("Button 1"))
