local GNUI = require("GNUI.main")
-- GNUI Modules
local Elements = require("GNUI.modules.elements")
local Window = require("GNUI.modules.windows")
local Theme = require("GNUI.modules.themes")
-- Screen Stuffs
local screen = GNUI.getScreenCanvas()
local Statusbar = require("scriptHost.statusbar")
local icon = GNUI.newSprite():setTexture(textures["textures.icons"]):setUV(28,28,41,41)

local button = Statusbar.newButtonSprite(icon)

local SLOT_SIZE = 16
local SLOT_MARGIN = 1
local slots = {} ---@type GNUI.Container[]
local storageWindow = Window.newWindow(true)

storageWindow:setTitle("Storage")
screen:addChild(storageWindow)


local i = 0
local S = (SLOT_SIZE+SLOT_MARGIN)
for x = 1, 9, 1 do
  for y = 1, 6, 1 do
    i = i + 1
    local slot = GNUI.newContainer()
    slot:setSize(SLOT_SIZE,SLOT_SIZE)
    slot:setPos((x-1)*S,(y-1)*S)
    slot:setClipOnParent(true)
    Theme.applyTheme(slot,"solid")
    storageWindow:addElement(slot)
    slots[i] = slot
  end
end